
Microsoft Visual Studio Solution File, Format Version 12.00
# Visual Studio 15
VisualStudioVersion = 15.0.26403.0
MinimumVisualStudioVersion = 10.0.40219.1
Project("{FAE04EC0-301F-11D3-BF4B-00C04F79EFBC}") = "OddOccurrences", "OddOccurrences\OddOccurrences.csproj", "{3FF04BEA-0578-420C-8D92-0E59C8CCEBA6}"
EndProject
Project("{FAE04EC0-301F-11D3-BF4B-00C04F79EFBC}") = "OddOccurrences2", "OddOccurrences2\OddOccurrences2.csproj", "{BE2475D5-CA95-48CE-84CA-63949CA2F971}"
EndProject
Project("{FAE04EC0-301F-11D3-BF4B-00C04F79EFBC}") = "SortedDictionaryExample", "SortedDictionaryExample\SortedDictionaryExample.csproj", "{6A31ECAD-5A17-4CD4-9155-18F9127C508A}"
EndProject
Project("{FAE04EC0-301F-11D3-BF4B-00C04F79EFBC}") = "CountRealNumbers", "CountRealNumbers\CountRealNumbers.csproj", "{27D395C1-78FD-4E74-A4E6-E2D014771589}"
EndProject
Project("{FAE04EC0-301F-11D3-BF4B-00C04F79EFBC}") = "LetterRepetition", "LetterRepetition\LetterRepetition.csproj", "{C7497663-C6D3-41A5-9325-C9DA214EC1D4}"
EndProject
Project("{FAE04EC0-301F-11D3-BF4B-00C04F79EFBC}") = "Example", "Example\Example.csproj", "{271529BC-2E7C-4513-B790-3677199A2A8C}"
EndProject
Project("{FAE04EC0-301F-11D3-BF4B-00C04F79EFBC}") = "Example2", "Example2\Example2.csproj", "{FFC8493C-4F03-4A06-BF7F-9D86582CC46A}"
EndProject
Global
	GlobalSection(SolutionConfigurationPlatforms) = preSolution
		Debug|Any CPU = Debug|Any CPU
		Release|Any CPU = Release|Any CPU
	EndGlobalSection
	GlobalSection(ProjectConfigurationPlatforms) = postSolution
		{3FF04BEA-0578-420C-8D92-0E59C8CCEBA6}.Debug|Any CPU.ActiveCfg = Debug|Any CPU
		{3FF04BEA-0578-420C-8D92-0E59C8CCEBA6}.Debug|Any CPU.Build.0 = Debug|Any CPU
		{3FF04BEA-0578-420C-8D92-0E59C8CCEBA6}.Release|Any CPU.ActiveCfg = Release|Any CPU
		{3FF04BEA-0578-420C-8D92-0E59C8CCEBA6}.Release|Any CPU.Build.0 = Release|Any CPU
		{BE2475D5-CA95-48CE-84CA-63949CA2F971}.Debug|Any CPU.ActiveCfg = Debug|Any CPU
		{BE2475D5-CA95-48CE-84CA-63949CA2F971}.Debug|Any CPU.Build.0 = Debug|Any CPU
		{BE2475D5-CA95-48CE-84CA-63949CA2F971}.Release|Any CPU.ActiveCfg = Release|Any CPU
		{BE2475D5-CA95-48CE-84CA-63949CA2F971}.Release|Any CPU.Build.0 = Release|Any CPU
		{6A31ECAD-5A17-4CD4-9155-18F9127C508A}.Debug|Any CPU.ActiveCfg = Debug|Any CPU
		{6A31ECAD-5A17-4CD4-9155-18F9127C508A}.Debug|Any CPU.Build.0 = Debug|Any CPU
		{6A31ECAD-5A17-4CD4-9155-18F9127C508A}.Release|Any CPU.ActiveCfg = Release|Any CPU
		{6A31ECAD-5A17-4CD4-9155-18F9127C508A}.Release|Any CPU.Build.0 = Release|Any CPU
		{27D395C1-78FD-4E74-A4E6-E2D014771589}.Debug|Any CPU.ActiveCfg = Debug|Any CPU
		{27D395C1-78FD-4E74-A4E6-E2D014771589}.Debug|Any CPU.Build.0 = Debug|Any CPU
		{27D395C1-78FD-4E74-A4E6-E2D014771589}.Release|Any CPU.ActiveCfg = Release|Any CPU
		{27D395C1-78FD-4E74-A4E6-E2D014771589}.Release|Any CPU.Build.0 = Release|Any CPU
		{C7497663-C6D3-41A5-9325-C9DA214EC1D4}.Debug|Any CPU.ActiveCfg = Debug|Any CPU
		{C7497663-C6D3-41A5-9325-C9DA214EC1D4}.Debug|Any CPU.Build.0 = Debug|Any CPU
		{C7497663-C6D3-41A5-9325-C9DA214EC1D4}.Release|Any CPU.ActiveCfg = Release|Any CPU
		{C7497663-C6D3-41A5-9325-C9DA214EC1D4}.Release|Any CPU.Build.0 = Release|Any CPU
		{271529BC-2E7C-4513-B790-3677199A2A8C}.Debug|Any CPU.ActiveCfg = Debug|Any CPU
		{271529BC-2E7C-4513-B790-3677199A2A8C}.Debug|Any CPU.Build.0 = Debug|Any CPU
		{271529BC-2E7C-4513-B790-3677199A2A8C}.Release|Any CPU.ActiveCfg = Release|Any CPU
		{271529BC-2E7C-4513-B790-3677199A2A8C}.Release|Any CPU.Build.0 = Release|Any CPU
		{FFC8493C-4F03-4A06-BF7F-9D86582CC46A}.Debug|Any CPU.ActiveCfg = Debug|Any CPU
		{FFC8493C-4F03-4A06-BF7F-9D86582CC46A}.Debug|Any CPU.Build.0 = Debug|Any CPU
		{FFC8493C-4F03-4A06-BF7F-9D86582CC46A}.Release|Any CPU.ActiveCfg = Release|Any CPU
		{FFC8493C-4F03-4A06-BF7F-9D86582CC46A}.Release|Any CPU.Build.0 = Release|Any CPU
	EndGlobalSection
	GlobalSection(SolutionProperties) = preSolution
		HideSolutionNode = FALSE
	EndGlobalSection
EndGlobal
